{
    "_meta": {
        "hash": {
            "sha256": "ea53884caa603616fdf341c93aef2fd992a1f45dcf3d7b52f1e6ea737a4003ef"
        },
        "pipfile-spec": 6,
        "requires": {
            "python_version": "3.10"
        },
        "sources": [
            {
                "name": "pypi",
                "url": "https://pypi.org/simple",
                "verify_ssl": true
            }
        ]
    },
    "default": {},
    "develop": {}
}
